
Microsoft Visual Studio Solution File, Format Version 12.00
# Visual Studio Version 17
VisualStudioVersion = 17.0.32014.148
MinimumVisualStudioVersion = 10.0.40219.1
Project("{FAE04EC0-301F-11D3-BF4B-00C04F79EFBC}") = "WebApi_CRUD_Demo", "WebApi_CRUD_Demo\WebApi_CRUD_Demo.csproj", "{720356FF-A374-45CA-887F-864B220935EA}"
EndProject
Global
	GlobalSection(SolutionConfigurationPlatforms) = preSolution
		Debug|Any CPU = Debug|Any CPU
		Release|Any CPU = Release|Any CPU
	EndGlobalSection
	GlobalSection(ProjectConfigurationPlatforms) = postSolution
		{720356FF-A374-45CA-887F-864B220935EA}.Debug|Any CPU.ActiveCfg = Debug|Any CPU
		{720356FF-A374-45CA-887F-864B220935EA}.Debug|Any CPU.Build.0 = Debug|Any CPU
		{720356FF-A374-45CA-887F-864B220935EA}.Release|Any CPU.ActiveCfg = Release|Any CPU
		{720356FF-A374-45CA-887F-864B220935EA}.Release|Any CPU.Build.0 = Release|Any CPU
	EndGlobalSection
	GlobalSection(SolutionProperties) = preSolution
		HideSolutionNode = FALSE
	EndGlobalSection
	GlobalSection(ExtensibilityGlobals) = postSolution
		SolutionGuid = {CB052FFB-EF43-45FC-8E83-674D519202AE}
	EndGlobalSection
EndGlobal
